// !$*UTF8*$!
{
	archiveVersion = 1;
	classes = {
	};
	objectVersion = 55;
	objects = {

/* Begin PBXBuildFile section */
		7E3D124B28720E2D0067B0CB /* Tests_iOS.swift in Sources */ = {isa = PBXBuildFile; fileRef = 7E3D124A28720E2D0067B0CB /* Tests_iOS.swift */; };
		7E3D124D28720E2D0067B0CB /* Tests_iOSLaunchTests.swift in Sources */ = {isa = PBXBuildFile; fileRef = 7E3D124C28720E2D0067B0CB /* Tests_iOSLaunchTests.swift */; };
		7E3D125728720E2D0067B0CB /* Tests_macOS.swift in Sources */ = {isa = PBXBuildFile; fileRef = 7E3D125628720E2D0067B0CB /* Tests_macOS.swift */; };
		7E3D125928720E2D0067B0CB /* Tests_macOSLaunchTests.swift in Sources */ = {isa = PBXBuildFile; fileRef = 7E3D125828720E2D0067B0CB /* Tests_macOSLaunchTests.swift */; };
		7E3D125A28720E2D0067B0CB /* MEYOUApp.swift in Sources */ = {isa = PBXBuildFile; fileRef = 7E3D123228720E2B0067B0CB /* MEYOUApp.swift */; };
		7E3D125B28720E2D0067B0CB /* MEYOUApp.swift in Sources */ = {isa = PBXBuildFile; fileRef = 7E3D123228720E2B0067B0CB /* MEYOUApp.swift */; };
		7E3D125C28720E2D0067B0CB /* ContentView.swift in Sources */ = {isa = PBXBuildFile; fileRef = 7E3D123328720E2B0067B0CB /* ContentView.swift */; };
		7E3D125D28720E2D0067B0CB /* ContentView.swift in Sources */ = {isa = PBXBuildFile; fileRef = 7E3D123328720E2B0067B0CB /* ContentView.swift */; };
		7E3D125E28720E2D0067B0CB /* Assets.xcassets in Resources */ = {isa = PBXBuildFile; fileRef = 7E3D123428720E2D0067B0CB /* Assets.xcassets */; };
		7E3D125F28720E2D0067B0CB /* Assets.xcassets in Resources */ = {isa = PBXBuildFile; fileRef = 7E3D123428720E2D0067B0CB /* Assets.xcassets */; };
/* End PBXBuildFile section */

/* Begin PBXContainerItemProxy section */
		7E3D124728720E2D0067B0CB /* PBXContainerItemProxy */ = {
			isa = PBXContainerItemProxy;
			containerPortal = 7E3D122D28720E2B0067B0CB /* Project object */;
			proxyType = 1;
			remoteGlobalIDString = 7E3D123828720E2D0067B0CB;
			remoteInfo = "MEYOU (iOS)";
		};
		7E3D125328720E2D0067B0CB /* PBXContainerItemProxy */ = {
			isa = PBXContainerItemProxy;
			containerPortal = 7E3D122D28720E2B0067B0CB /* Project object */;
			proxyType = 1;
			remoteGlobalIDString = 7E3D123E28720E2D0067B0CB;
			remoteInfo = "MEYOU (macOS)";
		};
/* End PBXContainerItemProxy section */

/* Begin PBXFileReference section */
		7E3D123228720E2B0067B0CB /* MEYOUApp.swift */ = {isa = PBXFileReference; lastKnownFileType = sourcecode.swift; path = MEYOUApp.swift; sourceTree = "<group>"; };
		7E3D123328720E2B0067B0CB /* ContentView.swift */ = {isa = PBXFileReference; lastKnownFileType = sourcecode.swift; path = ContentView.swift; sourceTree = "<group>"; };
		7E3D123428720E2D0067B0CB /* Assets.xcassets */ = {isa = PBXFileReference; lastKnownFileType = folder.assetcatalog; path = Assets.xcassets; sourceTree = "<group>"; };
		7E3D123928720E2D0067B0CB /* MEYOU.app */ = {isa = PBXFileReference; explicitFileType = wrapper.application; includeInIndex = 0; path = MEYOU.app; sourceTree = BUILT_PRODUCTS_DIR; };
		7E3D123F28720E2D0067B0CB /* MEYOU.app */ = {isa = PBXFileReference; explicitFileType = wrapper.application; includeInIndex = 0; path = MEYOU.app; sourceTree = BUILT_PRODUCTS_DIR; };
		7E3D124128720E2D0067B0CB /* macOS.entitlements */ = {isa = PBXFileReference; lastKnownFileType = text.plist.entitlements; path = macOS.entitlements; sourceTree = "<group>"; };
		7E3D124628720E2D0067B0CB /* Tests iOS.xctest */ = {isa = PBXFileReference; explicitFileType = wrapper.cfbundle; includeInIndex = 0; path = "Tests iOS.xctest"; sourceTree = BUILT_PRODUCTS_DIR; };
		7E3D124A28720E2D0067B0CB /* Tests_iOS.swift */ = {isa = PBXFileReference; lastKnownFileType = sourcecode.swift; path = Tests_iOS.swift; sourceTree = "<group>"; };
		7E3D124C28720E2D0067B0CB /* Tests_iOSLaunchTests.swift */ = {isa = PBXFileReference; lastKnownFileType = sourcecode.swift; path = Tests_iOSLaunchTests.swift; sourceTree = "<group>"; };
		7E3D125228720E2D0067B0CB /* Tests macOS.xctest */ = {isa = PBXFileReference; explicitFileType = wrapper.cfbundle; includeInIndex = 0; path = "Tests macOS.xctest"; sourceTree = BUILT_PRODUCTS_DIR; };
		7E3D125628720E2D0067B0CB /* Tests_macOS.swift */ = {isa = PBXFileReference; lastKnownFileType = sourcecode.swift; path = Tests_macOS.swift; sourceTree = "<group>"; };
		7E3D125828720E2D0067B0CB /* Tests_macOSLaunchTests.swift */ = {isa = PBXFileReference; lastKnownFileType = sourcecode.swift; path = Tests_macOSLaunchTests.swift; sourceTree = "<group>"; };
/* End PBXFileReference section */

/* Begin PBXFrameworksBuildPhase section */
		7E3D123628720E2D0067B0CB /* Frameworks */ = {
			isa = PBXFrameworksBuildPhase;
			buildActionMask = 2147483647;
			files = (
			);
			runOnlyForDeploymentPostprocessing = 0;
		};
		7E3D123C28720E2D0067B0CB /* Frameworks */ = {
			isa = PBXFrameworksBuildPhase;
			buildActionMask = 2147483647;
			files = (
			);
			runOnlyForDeploymentPostprocessing = 0;
		};
		7E3D124328720E2D0067B0CB /* Frameworks */ = {
			isa = PBXFrameworksBuildPhase;
			buildActionMask = 2147483647;
			files = (
			);
			runOnlyForDeploymentPostprocessing = 0;
		};
		7E3D124F28720E2D0067B0CB /* Frameworks */ = {
			isa = PBXFrameworksBuildPhase;
			buildActionMask = 2147483647;
			files = (
			);
			runOnlyForDeploymentPostprocessing = 0;
		};
/* End PBXFrameworksBuildPhase section */

/* Begin PBXGroup section */
		7E3D122C28720E2B0067B0CB = {
			isa = PBXGroup;
			children = (
				7E3D123128720E2B0067B0CB /* Shared */,
				7E3D124028720E2D0067B0CB /* macOS */,
				7E3D124928720E2D0067B0CB /* Tests iOS */,
				7E3D125528720E2D0067B0CB /* Tests macOS */,
				7E3D123A28720E2D0067B0CB /* Products */,
			);
			sourceTree = "<group>";
		};
		7E3D123128720E2B0067B0CB /* Shared */ = {
			isa = PBXGroup;
			children = (
				7E3D123228720E2B0067B0CB /* MEYOUApp.swift */,
				7E3D123328720E2B0067B0CB /* ContentView.swift */,
				7E3D123428720E2D0067B0CB /* Assets.xcassets */,
			);
			path = Shared;
			sourceTree = "<group>";
		};
		7E3D123A28720E2D0067B0CB /* Products */ = {
			isa = PBXGroup;
			children = (
				7E3D123928720E2D0067B0CB /* MEYOU.app */,
				7E3D123F28720E2D0067B0CB /* MEYOU.app */,
				7E3D124628720E2D0067B0CB /* Tests iOS.xctest */,
				7E3D125228720E2D0067B0CB /* Tests macOS.xctest */,
			);
			name = Products;
			sourceTree = "<group>";
		};
		7E3D124028720E2D0067B0CB /* macOS */ = {
			isa = PBXGroup;
			children = (
				7E3D124128720E2D0067B0CB /* macOS.entitlements */,
			);
			path = macOS;
			sourceTree = "<group>";
		};
		7E3D124928720E2D0067B0CB /* Tests iOS */ = {
			isa = PBXGroup;
			children = (
				7E3D124A28720E2D0067B0CB /* Tests_iOS.swift */,
				7E3D124C28720E2D0067B0CB /* Tests_iOSLaunchTests.swift */,
			);
			path = "Tests iOS";
			sourceTree = "<group>";
		};
		7E3D125528720E2D0067B0CB /* Tests macOS */ = {
			isa = PBXGroup;
			children = (
				7E3D125628720E2D0067B0CB /* Tests_macOS.swift */,
				7E3D125828720E2D0067B0CB /* Tests_macOSLaunchTests.swift */,
			);
			path = "Tests macOS";
			sourceTree = "<group>";
		};
/* End PBXGroup section */

/* Begin PBXNativeTarget section */
		7E3D123828720E2D0067B0CB /* MEYOU (iOS) */ = {
			isa = PBXNativeTarget;
			buildConfigurationList = 7E3D126228720E2D0067B0CB /* Build configuration list for PBXNativeTarget "MEYOU (iOS)" */;
			buildPhases = (
				7E3D123528720E2D0067B0CB /* Sources */,
				7E3D123628720E2D0067B0CB /* Frameworks */,
				7E3D123728720E2D0067B0CB /* Resources */,
			);
			buildRules = (
			);
			dependencies = (
			);
			name = "MEYOU (iOS)";
			productName = "MEYOU (iOS)";
			productReference = 7E3D123928720E2D0067B0CB /* MEYOU.app */;
			productType = "com.apple.product-type.application";
		};
		7E3D123E28720E2D0067B0CB /* MEYOU (macOS) */ = {
			isa = PBXNativeTarget;
			buildConfigurationList = 7E3D126528720E2D0067B0CB /* Build configuration list for PBXNativeTarget "MEYOU (macOS)" */;
			buildPhases = (
				7E3D123B28720E2D0067B0CB /* Sources */,
				7E3D123C28720E2D0067B0CB /* Frameworks */,
				7E3D123D28720E2D0067B0CB /* Resources */,
			);
			buildRules = (
			);
			dependencies = (
			);
			name = "MEYOU (macOS)";
			productName = "MEYOU (macOS)";
			productReference = 7E3D123F28720E2D0067B0CB /* MEYOU.app */;
			productType = "com.apple.product-type.application";
		};
		7E3D124528720E2D0067B0CB /* Tests iOS */ = {
			isa = PBXNativeTarget;
			buildConfigurationList = 7E3D126828720E2D0067B0CB /* Build configuration list for PBXNativeTarget "Tests iOS" */;
			buildPhases = (
				7E3D124228720E2D0067B0CB /* Sources */,
				7E3D124328720E2D0067B0CB /* Frameworks */,
				7E3D124428720E2D0067B0CB /* Resources */,
			);
			buildRules = (
			);
			dependencies = (
				7E3D124828720E2D0067B0CB /* PBXTargetDependency */,
			);
			name = "Tests iOS";
			productName = "Tests iOS";
			productReference = 7E3D124628720E2D0067B0CB /* Tests iOS.xctest */;
			productType = "com.apple.product-type.bundle.ui-testing";
		};
		7E3D125128720E2D0067B0CB /* Tests macOS */ = {
			isa = PBXNativeTarget;
			buildConfigurationList = 7E3D126B28720E2D0067B0CB /* Build configuration list for PBXNativeTarget "Tests macOS" */;
			buildPhases = (
				7E3D124E28720E2D0067B0CB /* Sources */,
				7E3D124F28720E2D0067B0CB /* Frameworks */,
				7E3D125028720E2D0067B0CB /* Resources */,
			);
			buildRules = (
			);
			dependencies = (
				7E3D125428720E2D0067B0CB /* PBXTargetDependency */,
			);
			name = "Tests macOS";
			productName = "Tests macOS";
			productReference = 7E3D125228720E2D0067B0CB /* Tests macOS.xctest */;
			productType = "com.apple.product-type.bundle.ui-testing";
		};
/* End PBXNativeTarget section */

/* Begin PBXProject section */
		7E3D122D28720E2B0067B0CB /* Project object */ = {
			isa = PBXProject;
			attributes = {
				BuildIndependentTargetsInParallel = 1;
				LastSwiftUpdateCheck = 1320;
				LastUpgradeCheck = 1320;
				TargetAttributes = {
					7E3D123828720E2D0067B0CB = {
						CreatedOnToolsVersion = 13.2.1;
					};
					7E3D123E28720E2D0067B0CB = {
						CreatedOnToolsVersion = 13.2.1;
					};
					7E3D124528720E2D0067B0CB = {
						CreatedOnToolsVersion = 13.2.1;
						TestTargetID = 7E3D123828720E2D0067B0CB;
					};
					7E3D125128720E2D0067B0CB = {
						CreatedOnToolsVersion = 13.2.1;
						TestTargetID = 7E3D123E28720E2D0067B0CB;
					};
				};
			};
			buildConfigurationList = 7E3D123028720E2B0067B0CB /* Build configuration list for PBXProject "MEYOU" */;
			compatibilityVersion = "Xcode 13.0";
			developmentRegion = en;
			hasScannedForEncodings = 0;
			knownRegions = (
				en,
				Base,
			);
			mainGroup = 7E3D122C28720E2B0067B0CB;
			productRefGroup = 7E3D123A28720E2D0067B0CB /* Products */;
			projectDirPath = "";
			projectRoot = "";
			targets = (
				7E3D123828720E2D0067B0CB /* MEYOU (iOS) */,
				7E3D123E28720E2D0067B0CB /* MEYOU (macOS) */,
				7E3D124528720E2D0067B0CB /* Tests iOS */,
				7E3D125128720E2D0067B0CB /* Tests macOS */,
			);
		};
/* End PBXProject section */

/* Begin PBXResourcesBuildPhase section */
		7E3D123728720E2D0067B0CB /* Resources */ = {
			isa = PBXResourcesBuildPhase;
			buildActionMask = 2147483647;
			files = (
				7E3D125E28720E2D0067B0CB /* Assets.xcassets in Resources */,
			);
			runOnlyForDeploymentPostprocessing = 0;
		};
		7E3D123D28720E2D0067B0CB /* Resources */ = {
			isa = PBXResourcesBuildPhase;
			buildActionMask = 2147483647;
			files = (
				7E3D125F28720E2D0067B0CB /* Assets.xcassets in Resources */,
			);
			runOnlyForDeploymentPostprocessing = 0;
		};
		7E3D124428720E2D0067B0CB /* Resources */ = {
			isa = PBXResourcesBuildPhase;
			buildActionMask = 2147483647;
			files = (
			);
			runOnlyForDeploymentPostprocessing = 0;
		};
		7E3D125028720E2D0067B0CB /* Resources */ = {
			isa = PBXResourcesBuildPhase;
			buildActionMask = 2147483647;
			files = (
			);
			runOnlyForDeploymentPostprocessing = 0;
		};
/* End PBXResourcesBuildPhase section */

/* Begin PBXSourcesBuildPhase section */
		7E3D123528720E2D0067B0CB /* Sources */ = {
			isa = PBXSourcesBuildPhase;
			buildActionMask = 2147483647;
			files = (
				7E3D125C28720E2D0067B0CB /* ContentView.swift in Sources */,
				7E3D125A28720E2D0067B0CB /* MEYOUApp.swift in Sources */,
			);
			runOnlyForDeploymentPostprocessing = 0;
		};
		7E3D123B28720E2D0067B0CB /* Sources */ = {
			isa = PBXSourcesBuildPhase;
			buildActionMask = 2147483647;
			files = (
				7E3D125D28720E2D0067B0CB /* ContentView.swift in Sources */,
				7E3D125B28720E2D0067B0CB /* MEYOUApp.swift in Sources */,
			);
			runOnlyForDeploymentPostprocessing = 0;
		};
		7E3D124228720E2D0067B0CB /* Sources */ = {
			isa = PBXSourcesBuildPhase;
			buildActionMask = 2147483647;
			files = (
				7E3D124D28720E2D0067B0CB /* Tests_iOSLaunchTests.swift in Sources */,
				7E3D124B28720E2D0067B0CB /* Tests_iOS.swift in Sources */,
			);
			runOnlyForDeploymentPostprocessing = 0;
		};
		7E3D124E28720E2D0067B0CB /* Sources */ = {
			isa = PBXSourcesBuildPhase;
			buildActionMask = 2147483647;
			files = (
				7E3D125928720E2D0067B0CB /* Tests_macOSLaunchTests.swift in Sources */,
				7E3D125728720E2D0067B0CB /* Tests_macOS.swift in Sources */,
			);
			runOnlyForDeploymentPostprocessing = 0;
		};
/* End PBXSourcesBuildPhase section */

/* Begin PBXTargetDependency section */
		7E3D124828720E2D0067B0CB /* PBXTargetDependency */ = {
			isa = PBXTargetDependency;
			target = 7E3D123828720E2D0067B0CB /* MEYOU (iOS) */;
			targetProxy = 7E3D124728720E2D0067B0CB /* PBXContainerItemProxy */;
		};
		7E3D125428720E2D0067B0CB /* PBXTargetDependency */ = {
			isa = PBXTargetDependency;
			target = 7E3D123E28720E2D0067B0CB /* MEYOU (macOS) */;
			targetProxy = 7E3D125328720E2D0067B0CB /* PBXContainerItemProxy */;
		};
/* End PBXTargetDependency section */

/* Begin XCBuildConfiguration section */
		7E3D126028720E2D0067B0CB /* Debug */ = {
			isa = XCBuildConfiguration;
			buildSettings = {
				ALWAYS_SEARCH_USER_PATHS = NO;
				CLANG_ANALYZER_NONNULL = YES;
				CLANG_ANALYZER_NUMBER_OBJECT_CONVERSION = YES_AGGRESSIVE;
				CLANG_CXX_LANGUAGE_STANDARD = "gnu++17";
				CLANG_CXX_LIBRARY = "libc++";
				CLANG_ENABLE_MODULES = YES;
				CLANG_ENABLE_OBJC_ARC = YES;
				CLANG_ENABLE_OBJC_WEAK = YES;
				CLANG_WARN_BLOCK_CAPTURE_AUTORELEASING = YES;
				CLANG_WARN_BOOL_CONVERSION = YES;
				CLANG_WARN_COMMA = YES;
				CLANG_WARN_CONSTANT_CONVERSION = YES;
				CLANG_WARN_DEPRECATED_OBJC_IMPLEMENTATIONS = YES;
				CLANG_WARN_DIRECT_OBJC_ISA_USAGE = YES_ERROR;
				CLANG_WARN_DOCUMENTATION_COMMENTS = YES;
				CLANG_WARN_EMPTY_BODY = YES;
				CLANG_WARN_ENUM_CONVERSION = YES;
				CLANG_WARN_INFINITE_RECURSION = YES;
				CLANG_WARN_INT_CONVERSION = YES;
				CLANG_WARN_NON_LITERAL_NULL_CONVERSION = YES;
				CLANG_WARN_OBJC_IMPLICIT_RETAIN_SELF = YES;
				CLANG_WARN_OBJC_LITERAL_CONVERSION = YES;
				CLANG_WARN_OBJC_ROOT_CLASS = YES_ERROR;
				CLANG_WARN_QUOTED_INCLUDE_IN_FRAMEWORK_HEADER = YES;
				CLANG_WARN_RANGE_LOOP_ANALYSIS = YES;
				CLANG_WARN_STRICT_PROTOTYPES = YES;
				CLANG_WARN_SUSPICIOUS_MOVE = YES;
				CLANG_WARN_UNGUARDED_AVAILABILITY = YES_AGGRESSIVE;
				CLANG_WARN_UNREACHABLE_CODE = YES;
				CLANG_WARN__DUPLICATE_METHOD_MATCH = YES;
				COPY_PHASE_STRIP = NO;
				DEBUG_INFORMATION_FORMAT = dwarf;
				ENABLE_STRICT_OBJC_MSGSEND = YES;
				ENABLE_TESTABILITY = YES;
				GCC_C_LANGUAGE_STANDARD = gnu11;
				GCC_DYNAMIC_NO_PIC = NO;
				GCC_NO_COMMON_BLOCKS = YES;
				GCC_OPTIMIZATION_LEVEL = 0;
				GCC_PREPROCESSOR_DEFINITIONS = (
					"DEBUG=1",
					"$(inherited)",
				);
				GCC_WARN_64_TO_32_BIT_CONVERSION = YES;
				GCC_WARN_ABOUT_RETURN_TYPE = YES_ERROR;
				GCC_WARN_UNDECLARED_SELECTOR = YES;
				GCC_WARN_UNINITIALIZED_AUTOS = YES_AGGRESSIVE;
				GCC_WARN_UNUSED_FUNCTION = YES;
				GCC_WARN_UNUSED_VARIABLE = YES;
				MTL_ENABLE_DEBUG_INFO = INCLUDE_SOURCE;
				MTL_FAST_MATH = YES;
				ONLY_ACTIVE_ARCH = YES;
				SWIFT_ACTIVE_COMPILATION_CONDITIONS = DEBUG;
				SWIFT_OPTIMIZATION_LEVEL = "-Onone";
			};
			name = Debug;
		};
		7E3D126128720E2D0067B0CB /* Release */ = {
			isa = XCBuildConfiguration;
			buildSettings = {
				ALWAYS_SEARCH_USER_PATHS = NO;
				CLANG_ANALYZER_NONNULL = YES;
				CLANG_ANALYZER_NUMBER_OBJECT_CONVERSION = YES_AGGRESSIVE;
				CLANG_CXX_LANGUAGE_STANDARD = "gnu++17";
				CLANG_CXX_LIBRARY = "libc++";
				CLANG_ENABLE_MODULES = YES;
				CLANG_ENABLE_OBJC_ARC = YES;
				CLANG_ENABLE_OBJC_WEAK = YES;
				CLANG_WARN_BLOCK_CAPTURE_AUTORELEASING = YES;
				CLANG_WARN_BOOL_CONVERSION = YES;
				CLANG_WARN_COMMA = YES;
				CLANG_WARN_CONSTANT_CONVERSION = YES;
				CLANG_WARN_DEPRECATED_OBJC_IMPLEMENTATIONS = YES;
				CLANG_WARN_DIRECT_OBJC_ISA_USAGE = YES_ERROR;
				CLANG_WARN_DOCUMENTATION_COMMENTS = YES;
				CLANG_WARN_EMPTY_BODY = YES;
				CLANG_WARN_ENUM_CONVERSION = YES;
				CLANG_WARN_INFINITE_RECURSION = YES;
				CLANG_WARN_INT_CONVERSION = YES;
				CLANG_WARN_NON_LITERAL_NULL_CONVERSION = YES;
				CLANG_WARN_OBJC_IMPLICIT_RETAIN_SELF = YES;
				CLANG_WARN_OBJC_LITERAL_CONVERSION = YES;
				CLANG_WARN_OBJC_ROOT_CLASS = YES_ERROR;
				CLANG_WARN_QUOTED_INCLUDE_IN_FRAMEWORK_HEADER = YES;
				CLANG_WARN_RANGE_LOOP_ANALYSIS = YES;
				CLANG_WARN_STRICT_PROTOTYPES = YES;
				CLANG_WARN_SUSPICIOUS_MOVE = YES;
				CLANG_WARN_UNGUARDED_AVAILABILITY = YES_AGGRESSIVE;
				CLANG_WARN_UNREACHABLE_CODE = YES;
				CLANG_WARN__DUPLICATE_METHOD_MATCH = YES;
				COPY_PHASE_STRIP = NO;
				DEBUG_INFORMATION_FORMAT = "dwarf-with-dsym";
				ENABLE_NS_ASSERTIONS = NO;
				ENABLE_STRICT_OBJC_MSGSEND = YES;
				GCC_C_LANGUAGE_STANDARD = gnu11;
				GCC_NO_COMMON_BLOCKS = YES;
				GCC_WARN_64_TO_32_BIT_CONVERSION = YES;
				GCC_WARN_ABOUT_RETURN_TYPE = YES_ERROR;
				GCC_WARN_UNDECLARED_SELECTOR = YES;
				GCC_WARN_UNINITIALIZED_AUTOS = YES_AGGRESSIVE;
				GCC_WARN_UNUSED_FUNCTION = YES;
				GCC_WARN_UNUSED_VARIABLE = YES;
				MTL_ENABLE_DEBUG_INFO = NO;
				MTL_FAST_MATH = YES;
				SWIFT_COMPILATION_MODE = wholemodule;
				SWIFT_OPTIMIZATION_LEVEL = "-O";
			};
			name = Release;
		};
		7E3D126328720E2D0067B0CB /* Debug */ = {
			isa = XCBuildConfiguration;
			buildSettings = {
				ASSETCATALOG_COMPILER_APPICON_NAME = AppIcon;
				ASSETCATALOG_COMPILER_GLOBAL_ACCENT_COLOR_NAME = AccentColor;
				CODE_SIGN_STYLE = Automatic;
				CURRENT_PROJECT_VERSION = 1;
				ENABLE_PREVIEWS = YES;
				GENERATE_INFOPLIST_FILE = YES;
				INFOPLIST_KEY_UIApplicationSceneManifest_Generation = YES;
				INFOPLIST_KEY_UIApplicationSupportsIndirectInputEvents = YES;
				INFOPLIST_KEY_UILaunchScreen_Generation = YES;
				INFOPLIST_KEY_UISupportedInterfaceOrientations_iPad = "UIInterfaceOrientationPortrait UIInterfaceOrientationPortraitUpsideDown UIInterfaceOrientationLandscapeLeft UIInterfaceOrientationLandscapeRight";
				INFOPLIST_KEY_UISupportedInterfaceOrientations_iPhone = "UIInterfaceOrientationPortrait UIInterfaceOrientationLandscapeLeft UIInterfaceOrientationLandscapeRight";
				IPHONEOS_DEPLOYMENT_TARGET = 15.2;
				LD_RUNPATH_SEARCH_PATHS = (
					"$(inherited)",
					"@executable_path/Frameworks",
				);
				MARKETING_VERSION = 1.0;
				PRODUCT_BUNDLE_IDENTIFIER = C.A.V.S.S.MEYOU;
				PRODUCT_NAME = MEYOU;
				SDKROOT = iphoneos;
				SWIFT_EMIT_LOC_STRINGS = YES;
				SWIFT_VERSION = 5.0;
				TARGETED_DEVICE_FAMILY = "1,2";
			};
			name = Debug;
		};
		7E3D126428720E2D0067B0CB /* Release */ = {
			isa = XCBuildConfiguration;
			buildSettings = {
				ASSETCATALOG_COMPILER_APPICON_NAME = AppIcon;
				ASSETCATALOG_COMPILER_GLOBAL_ACCENT_COLOR_NAME = AccentColor;
				CODE_SIGN_STYLE = Automatic;
				CURRENT_PROJECT_VERSION = 1;
				ENABLE_PREVIEWS = YES;
				GENERATE_INFOPLIST_FILE = YES;
				INFOPLIST_KEY_UIApplicationSceneManifest_Generation = YES;
				INFOPLIST_KEY_UIApplicationSupportsIndirectInputEvents = YES;
				INFOPLIST_KEY_UILaunchScreen_Generation = YES;
				INFOPLIST_KEY_UISupportedInterfaceOrientations_iPad = "UIInterfaceOrientationPortrait UIInterfaceOrientationPortraitUpsideDown UIInterfaceOrientationLandscapeLeft UIInterfaceOrientationLandscapeRight";
				INFOPLIST_KEY_UISupportedInterfaceOrientations_iPhone = "UIInterfaceOrientationPortrait UIInterfaceOrientationLandscapeLeft UIInterfaceOrientationLandscapeRight";
				IPHONEOS_DEPLOYMENT_TARGET = 15.2;
				LD_RUNPATH_SEARCH_PATHS = (
					"$(inherited)",
					"@executable_path/Frameworks",
				);
				MARKETING_VERSION = 1.0;
				PRODUCT_BUNDLE_IDENTIFIER = C.A.V.S.S.MEYOU;
				PRODUCT_NAME = MEYOU;
				SDKROOT = iphoneos;
				SWIFT_EMIT_LOC_STRINGS = YES;
				SWIFT_VERSION = 5.0;
				TARGETED_DEVICE_FAMILY = "1,2";
				VALIDATE_PRODUCT = YES;
			};
			name = Release;
		};
		7E3D126628720E2D0067B0CB /* Debug */ = {
			isa = XCBuildConfiguration;
			buildSettings = {
				ASSETCATALOG_COMPILER_APPICON_NAME = AppIcon;
				ASSETCATALOG_COMPILER_GLOBAL_ACCENT_COLOR_NAME = AccentColor;
				CODE_SIGN_ENTITLEMENTS = macOS/macOS.entitlements;
				CODE_SIGN_STYLE = Automatic;
				COMBINE_HIDPI_IMAGES = YES;
				CURRENT_PROJECT_VERSION = 1;
				ENABLE_PREVIEWS = YES;
				GENERATE_INFOPLIST_FILE = YES;
				INFOPLIST_KEY_NSHumanReadableCopyright = "";
				LD_RUNPATH_SEARCH_PATHS = (
					"$(inherited)",
					"@executable_path/../Frameworks",
				);
				MACOSX_DEPLOYMENT_TARGET = 11.6;
				MARKETING_VERSION = 1.0;
				PRODUCT_BUNDLE_IDENTIFIER = C.A.V.S.S.MEYOU;
				PRODUCT_NAME = MEYOU;
				SDKROOT = macosx;
				SWIFT_EMIT_LOC_STRINGS = YES;
				SWIFT_VERSION = 5.0;
			};
			name = Debug;
		};
		7E3D126728720E2D0067B0CB /* Release */ = {
			isa = XCBuildConfiguration;
			buildSettings = {
				ASSETCATALOG_COMPILER_APPICON_NAME = AppIcon;
				ASSETCATALOG_COMPILER_GLOBAL_ACCENT_COLOR_NAME = AccentColor;
				CODE_SIGN_ENTITLEMENTS = macOS/macOS.entitlements;
				CODE_SIGN_STYLE = Automatic;
				COMBINE_HIDPI_IMAGES = YES;
				CURRENT_PROJECT_VERSION = 1;
				ENABLE_PREVIEWS = YES;
				GENERATE_INFOPLIST_FILE = YES;
				INFOPLIST_KEY_NSHumanReadableCopyright = "";
				LD_RUNPATH_SEARCH_PATHS = (
					"$(inherited)",
					"@executable_path/../Frameworks",
				);
				MACOSX_DEPLOYMENT_TARGET = 11.6;
				MARKETING_VERSION = 1.0;
				PRODUCT_BUNDLE_IDENTIFIER = C.A.V.S.S.MEYOU;
				PRODUCT_NAME = MEYOU;
				SDKROOT = macosx;
				SWIFT_EMIT_LOC_STRINGS = YES;
				SWIFT_VERSION = 5.0;
			};
			name = Release;
		};
		7E3D126928720E2D0067B0CB /* Debug */ = {
			isa = XCBuildConfiguration;
			buildSettings = {
				ALWAYS_EMBED_SWIFT_STANDARD_LIBRARIES = YES;
				CODE_SIGN_STYLE = Automatic;
				CURRENT_PROJECT_VERSION = 1;
				GENERATE_INFOPLIST_FILE = YES;
				IPHONEOS_DEPLOYMENT_TARGET = 15.2;
				MARKETING_VERSION = 1.0;
				PRODUCT_BUNDLE_IDENTIFIER = "C.A.V.S.S.Tests-iOS";
				PRODUCT_NAME = "$(TARGET_NAME)";
				SDKROOT = iphoneos;
				SWIFT_EMIT_LOC_STRINGS = NO;
				SWIFT_VERSION = 5.0;
				TARGETED_DEVICE_FAMILY = "1,2";
				TEST_TARGET_NAME = "MEYOU (iOS)";
			};
			name = Debug;
		};
		7E3D126A28720E2D0067B0CB /* Release */ = {
			isa = XCBuildConfiguration;
			buildSettings = {
				ALWAYS_EMBED_SWIFT_STANDARD_LIBRARIES = YES;
				CODE_SIGN_STYLE = Automatic;
				CURRENT_PROJECT_VERSION = 1;
				GENERATE_INFOPLIST_FILE = YES;
				IPHONEOS_DEPLOYMENT_TARGET = 15.2;
				MARKETING_VERSION = 1.0;
				PRODUCT_BUNDLE_IDENTIFIER = "C.A.V.S.S.Tests-iOS";
				PRODUCT_NAME = "$(TARGET_NAME)";
				SDKROOT = iphoneos;
				SWIFT_EMIT_LOC_STRINGS = NO;
				SWIFT_VERSION = 5.0;
				TARGETED_DEVICE_FAMILY = "1,2";
				TEST_TARGET_NAME = "MEYOU (iOS)";
				VALIDATE_PRODUCT = YES;
			};
			name = Release;
		};
		7E3D126C28720E2D0067B0CB /* Debug */ = {
			isa = XCBuildConfiguration;
			buildSettings = {
				ALWAYS_EMBED_SWIFT_STANDARD_LIBRARIES = YES;
				CODE_SIGN_STYLE = Automatic;
				CURRENT_PROJECT_VERSION = 1;
				GENERATE_INFOPLIST_FILE = YES;
				MACOSX_DEPLOYMENT_TARGET = 11.6;
				MARKETING_VERSION = 1.0;
				PRODUCT_BUNDLE_IDENTIFIER = "C.A.V.S.S.Tests-macOS";
				PRODUCT_NAME = "$(TARGET_NAME)";
				SDKROOT = macosx;
				SWIFT_EMIT_LOC_STRINGS = NO;
				SWIFT_VERSION = 5.0;
				TEST_TARGET_NAME = "MEYOU (macOS)";
			};
			name = Debug;
		};
		7E3D126D28720E2D0067B0CB /* Release */ = {
			isa = XCBuildConfiguration;
			buildSettings = {
				ALWAYS_EMBED_SWIFT_STANDARD_LIBRARIES = YES;
				CODE_SIGN_STYLE = Automatic;
				CURRENT_PROJECT_VERSION = 1;
				GENERATE_INFOPLIST_FILE = YES;
				MACOSX_DEPLOYMENT_TARGET = 11.6;
				MARKETING_VERSION = 1.0;
				PRODUCT_BUNDLE_IDENTIFIER = "C.A.V.S.S.Tests-macOS";
				PRODUCT_NAME = "$(TARGET_NAME)";
				SDKROOT = macosx;
				SWIFT_EMIT_LOC_STRINGS = NO;
				SWIFT_VERSION = 5.0;
				TEST_TARGET_NAME = "MEYOU (macOS)";
			};
			name = Release;
		};
/* End XCBuildConfiguration section */

/* Begin XCConfigurationList section */
		7E3D123028720E2B0067B0CB /* Build configuration list for PBXProject "MEYOU" */ = {
			isa = XCConfigurationList;
			buildConfigurations = (
				7E3D126028720E2D0067B0CB /* Debug */,
				7E3D126128720E2D0067B0CB /* Release */,
			);
			defaultConfigurationIsVisible = 0;
			defaultConfigurationName = Release;
		};
		7E3D126228720E2D0067B0CB /* Build configuration list for PBXNativeTarget "MEYOU (iOS)" */ = {
			isa = XCConfigurationList;
			buildConfigurations = (
				7E3D126328720E2D0067B0CB /* Debug */,
				7E3D126428720E2D0067B0CB /* Release */,
			);
			defaultConfigurationIsVisible = 0;
			defaultConfigurationName = Release;
		};
		7E3D126528720E2D0067B0CB /* Build configuration list for PBXNativeTarget "MEYOU (macOS)" */ = {
			isa = XCConfigurationList;
			buildConfigurations = (
				7E3D126628720E2D0067B0CB /* Debug */,
				7E3D126728720E2D0067B0CB /* Release */,
			);
			defaultConfigurationIsVisible = 0;
			defaultConfigurationName = Release;
		};
		7E3D126828720E2D0067B0CB /* Build configuration list for PBXNativeTarget "Tests iOS" */ = {
			isa = XCConfigurationList;
			buildConfigurations = (
				7E3D126928720E2D0067B0CB /* Debug */,
				7E3D126A28720E2D0067B0CB /* Release */,
			);
			defaultConfigurationIsVisible = 0;
			defaultConfigurationName = Release;
		};
		7E3D126B28720E2D0067B0CB /* Build configuration list for PBXNativeTarget "Tests macOS" */ = {
			isa = XCConfigurationList;
			buildConfigurations = (
				7E3D126C28720E2D0067B0CB /* Debug */,
				7E3D126D28720E2D0067B0CB /* Release */,
			);
			defaultConfigurationIsVisible = 0;
			defaultConfigurationName = Release;
		};
/* End XCConfigurationList section */
	};
	rootObject = 7E3D122D28720E2B0067B0CB /* Project object */;
}
